
Microsoft Visual Studio Solution File, Format Version 12.00
# Visual Studio Version 17
VisualStudioVersion = 17.2.32505.173
MinimumVisualStudioVersion = 10.0.40219.1
Project("{9A19103F-16F7-4668-BE54-9A1E7A4F7556}") = "Dotgem.Text.Tests", "Dotgem.Text.Tests\Dotgem.Text.Tests.csproj", "{F22EC900-7F65-4066-84D4-7583D75E36A4}"
EndProject
Project("{9A19103F-16F7-4668-BE54-9A1E7A4F7556}") = "Dotgem.Text", "..\src\Dotgem.Text\Dotgem.Text.csproj", "{8D29F92B-1EAE-49B7-BFEE-45A90404824B}"
EndProject
Global
	GlobalSection(SolutionConfigurationPlatforms) = preSolution
		Debug|Any CPU = Debug|Any CPU
		Release|Any CPU = Release|Any CPU
	EndGlobalSection
	GlobalSection(ProjectConfigurationPlatforms) = postSolution
		{F22EC900-7F65-4066-84D4-7583D75E36A4}.Debug|Any CPU.ActiveCfg = Debug|Any CPU
		{F22EC900-7F65-4066-84D4-7583D75E36A4}.Debug|Any CPU.Build.0 = Debug|Any CPU
		{F22EC900-7F65-4066-84D4-7583D75E36A4}.Release|Any CPU.ActiveCfg = Release|Any CPU
		{F22EC900-7F65-4066-84D4-7583D75E36A4}.Release|Any CPU.Build.0 = Release|Any CPU
		{8D29F92B-1EAE-49B7-BFEE-45A90404824B}.Debug|Any CPU.ActiveCfg = Debug|Any CPU
		{8D29F92B-1EAE-49B7-BFEE-45A90404824B}.Debug|Any CPU.Build.0 = Debug|Any CPU
		{8D29F92B-1EAE-49B7-BFEE-45A90404824B}.Release|Any CPU.ActiveCfg = Release|Any CPU
		{8D29F92B-1EAE-49B7-BFEE-45A90404824B}.Release|Any CPU.Build.0 = Release|Any CPU
	EndGlobalSection
	GlobalSection(SolutionProperties) = preSolution
		HideSolutionNode = FALSE
	EndGlobalSection
	GlobalSection(ExtensibilityGlobals) = postSolution
		SolutionGuid = {46C0A359-18B3-4BFB-AB86-033ED6B39DAC}
	EndGlobalSection
EndGlobal
