
Microsoft Visual Studio Solution File, Format Version 12.00
# Visual Studio Version 17
VisualStudioVersion = 17.2.32505.173
MinimumVisualStudioVersion = 10.0.40219.1
Project("{FAE04EC0-301F-11D3-BF4B-00C04F79EFBC}") = "Dotgem.Core", "Dotgem.Core\Dotgem.Core.csproj", "{BBE6676B-0C56-4702-A37D-49068F1618D4}"
EndProject
Project("{FAE04EC0-301F-11D3-BF4B-00C04F79EFBC}") = "Dotgem", "Dotgem\Dotgem.csproj", "{C6E93B13-58F2-4B27-972F-62D12DCDF66B}"
EndProject
Project("{2150E333-8FDC-42A3-9474-1A3956D46DE8}") = "Projektmappenelemente", "Projektmappenelemente", "{DF547A58-9991-4A56-B8DE-BF99FCD1AC17}"
	ProjectSection(SolutionItems) = preProject
		.editorconfig = .editorconfig
	EndProjectSection
EndProject
Global
	GlobalSection(SolutionConfigurationPlatforms) = preSolution
		Debug|Any CPU = Debug|Any CPU
		Release|Any CPU = Release|Any CPU
	EndGlobalSection
	GlobalSection(ProjectConfigurationPlatforms) = postSolution
		{BBE6676B-0C56-4702-A37D-49068F1618D4}.Debug|Any CPU.ActiveCfg = Debug|Any CPU
		{BBE6676B-0C56-4702-A37D-49068F1618D4}.Debug|Any CPU.Build.0 = Debug|Any CPU
		{BBE6676B-0C56-4702-A37D-49068F1618D4}.Release|Any CPU.ActiveCfg = Release|Any CPU
		{BBE6676B-0C56-4702-A37D-49068F1618D4}.Release|Any CPU.Build.0 = Release|Any CPU
		{C6E93B13-58F2-4B27-972F-62D12DCDF66B}.Debug|Any CPU.ActiveCfg = Debug|Any CPU
		{C6E93B13-58F2-4B27-972F-62D12DCDF66B}.Debug|Any CPU.Build.0 = Debug|Any CPU
		{C6E93B13-58F2-4B27-972F-62D12DCDF66B}.Release|Any CPU.ActiveCfg = Release|Any CPU
		{C6E93B13-58F2-4B27-972F-62D12DCDF66B}.Release|Any CPU.Build.0 = Release|Any CPU
	EndGlobalSection
	GlobalSection(SolutionProperties) = preSolution
		HideSolutionNode = FALSE
	EndGlobalSection
	GlobalSection(ExtensibilityGlobals) = postSolution
		SolutionGuid = {30ECF4D2-AB3D-4405-8273-357D70945E0F}
	EndGlobalSection
EndGlobal
